github.com/hugomods/images v0.5.1 h1:nu5Rn993nsyHUS4k0Y+347nbKv2QhMPVkSNMggztk9A=
github.com/hugomods/images v0.5.1/go.mod h1:U6Gwj16LKvk66rOMyGFrnF6f0aV8lT89lqOsckOAjYY=
github.com/sytranvn/hugo-pdf v1.1.0 h1:mnC9HqGnsZMQvJ/DmhSO+QkPJX6Y2A/pMg31UF7PHiY=
github.com/sytranvn/hugo-pdf v1.1.0/go.mod h1:0daeyEiF+LnA9YVUICiTO2YlNrNPpGwxI0kp+QvJQi4=
